
Microsoft Visual Studio Solution File, Format Version 12.00
# Visual Studio Version 17
VisualStudioVersion = 17.7.34221.43
MinimumVisualStudioVersion = 10.0.40219.1
Project("{9A19103F-16F7-4668-BE54-9A1E7A4F7556}") = "ZadanieRekrutacyjne", "ZadanieRekrutacyjne\ZadanieRekrutacyjne.csproj", "{24CBABFC-4C90-4063-802E-361DDF9E921B}"
EndProject
Project("{9A19103F-16F7-4668-BE54-9A1E7A4F7556}") = "ZadanieRekrutacyjne.DAL", "ZadanieRekrutacyjne.DAL\ZadanieRekrutacyjne.DAL.csproj", "{87552F16-0FD0-4A8A-ACC9-8B8A7931ED04}"
EndProject
Project("{2150E333-8FDC-42A3-9474-1A3956D46DE8}") = "Solution Items", "Solution Items", "{66419456-B0FA-45E7-8172-4212502B1CEF}"
	ProjectSection(SolutionItems) = preProject
		Readme.txt = Readme.txt
	EndProjectSection
EndProject
Global
	GlobalSection(SolutionConfigurationPlatforms) = preSolution
		Debug|Any CPU = Debug|Any CPU
		Release|Any CPU = Release|Any CPU
	EndGlobalSection
	GlobalSection(ProjectConfigurationPlatforms) = postSolution
		{24CBABFC-4C90-4063-802E-361DDF9E921B}.Debug|Any CPU.ActiveCfg = Debug|Any CPU
		{24CBABFC-4C90-4063-802E-361DDF9E921B}.Debug|Any CPU.Build.0 = Debug|Any CPU
		{24CBABFC-4C90-4063-802E-361DDF9E921B}.Release|Any CPU.ActiveCfg = Release|Any CPU
		{24CBABFC-4C90-4063-802E-361DDF9E921B}.Release|Any CPU.Build.0 = Release|Any CPU
		{87552F16-0FD0-4A8A-ACC9-8B8A7931ED04}.Debug|Any CPU.ActiveCfg = Debug|Any CPU
		{87552F16-0FD0-4A8A-ACC9-8B8A7931ED04}.Debug|Any CPU.Build.0 = Debug|Any CPU
		{87552F16-0FD0-4A8A-ACC9-8B8A7931ED04}.Release|Any CPU.ActiveCfg = Release|Any CPU
		{87552F16-0FD0-4A8A-ACC9-8B8A7931ED04}.Release|Any CPU.Build.0 = Release|Any CPU
	EndGlobalSection
	GlobalSection(SolutionProperties) = preSolution
		HideSolutionNode = FALSE
	EndGlobalSection
	GlobalSection(ExtensibilityGlobals) = postSolution
		SolutionGuid = {1ED4716F-21B1-4774-B0A6-016CE0516611}
	EndGlobalSection
EndGlobal
