
Microsoft Visual Studio Solution File, Format Version 12.00
# Visual Studio Version 17
VisualStudioVersion = 17.7.34221.43
MinimumVisualStudioVersion = 10.0.40219.1
Project("{FAE04EC0-301F-11D3-BF4B-00C04F79EFBC}") = "ZadanieRekrutacyjne", "ZadanieRekrutacyjne\ZadanieRekrutacyjne.csproj", "{24CBABFC-4C90-4063-802E-361DDF9E921B}"
EndProject
Project("{FAE04EC0-301F-11D3-BF4B-00C04F79EFBC}") = "ZadanieRekrutacyjne.DAL", "ZadanieRekrutacyjne.DAL\ZadanieRekrutacyjne.DAL.csproj", "{87552F16-0FD0-4A8A-ACC9-8B8A7931ED04}"
EndProject
Global
	GlobalSection(SolutionConfigurationPlatforms) = preSolution
		Debug|Any CPU = Debug|Any CPU
		Release|Any CPU = Release|Any CPU
	EndGlobalSection
	GlobalSection(ProjectConfigurationPlatforms) = postSolution
		{24CBABFC-4C90-4063-802E-361DDF9E921B}.Debug|Any CPU.ActiveCfg = Debug|Any CPU
		{24CBABFC-4C90-4063-802E-361DDF9E921B}.Debug|Any CPU.Build.0 = Debug|Any CPU
		{24CBABFC-4C90-4063-802E-361DDF9E921B}.Release|Any CPU.ActiveCfg = Release|Any CPU
		{24CBABFC-4C90-4063-802E-361DDF9E921B}.Release|Any CPU.Build.0 = Release|Any CPU
		{87552F16-0FD0-4A8A-ACC9-8B8A7931ED04}.Debug|Any CPU.ActiveCfg = Debug|Any CPU
		{87552F16-0FD0-4A8A-ACC9-8B8A7931ED04}.Debug|Any CPU.Build.0 = Debug|Any CPU
		{87552F16-0FD0-4A8A-ACC9-8B8A7931ED04}.Release|Any CPU.ActiveCfg = Release|Any CPU
		{87552F16-0FD0-4A8A-ACC9-8B8A7931ED04}.Release|Any CPU.Build.0 = Release|Any CPU
	EndGlobalSection
	GlobalSection(SolutionProperties) = preSolution
		HideSolutionNode = FALSE
	EndGlobalSection
	GlobalSection(ExtensibilityGlobals) = postSolution
		SolutionGuid = {1ED4716F-21B1-4774-B0A6-016CE0516611}
	EndGlobalSection
EndGlobal
